// !$*UTF8*$!
{
	archiveVersion = 1;
	classes = {
	};
	objectVersion = 50;
	objects = {

/* Begin PBXBuildFile section */
		61A76A6921B492C500A8AA6B /* AppDelegate.swift in Sources */ = {isa = PBXBuildFile; fileRef = 61A76A6821B492C500A8AA6B /* AppDelegate.swift */; };
		61A76A6E21B492C500A8AA6B /* Main.storyboard in Resources */ = {isa = PBXBuildFile; fileRef = 61A76A6C21B492C500A8AA6B /* Main.storyboard */; };
		61A76A7021B492C700A8AA6B /* Assets.xcassets in Resources */ = {isa = PBXBuildFile; fileRef = 61A76A6F21B492C700A8AA6B /* Assets.xcassets */; };
		61A76A7321B492C700A8AA6B /* LaunchScreen.storyboard in Resources */ = {isa = PBXBuildFile; fileRef = 61A76A7121B492C700A8AA6B /* LaunchScreen.storyboard */; };
		61A76A7C21B4931C00A8AA6B /* EmojiArtViewController.swift in Sources */ = {isa = PBXBuildFile; fileRef = 61A76A7B21B4931C00A8AA6B /* EmojiArtViewController.swift */; };
		61A76A7E21B4937700A8AA6B /* EmojiArtView.swift in Sources */ = {isa = PBXBuildFile; fileRef = 61A76A7D21B4937700A8AA6B /* EmojiArtView.swift */; };
		61A76A8021B4981600A8AA6B /* Utilities.swift in Sources */ = {isa = PBXBuildFile; fileRef = 61A76A7F21B4981600A8AA6B /* Utilities.swift */; };
		61A76A8221B4B24000A8AA6B /* EmojiArtDocumentTableViewController.swift in Sources */ = {isa = PBXBuildFile; fileRef = 61A76A8121B4B24000A8AA6B /* EmojiArtDocumentTableViewController.swift */; };
		61A76A8421B4ED0100A8AA6B /* EmojiCollectionViewCell.swift in Sources */ = {isa = PBXBuildFile; fileRef = 61A76A8321B4ED0100A8AA6B /* EmojiCollectionViewCell.swift */; };
/* End PBXBuildFile section */

/* Begin PBXFileReference section */
		61A76A6521B492C500A8AA6B /* EmojiArt.app */ = {isa = PBXFileReference; explicitFileType = wrapper.application; includeInIndex = 0; path = EmojiArt.app; sourceTree = BUILT_PRODUCTS_DIR; };
		61A76A6821B492C500A8AA6B /* AppDelegate.swift */ = {isa = PBXFileReference; lastKnownFileType = sourcecode.swift; path = AppDelegate.swift; sourceTree = "<group>"; };
		61A76A6D21B492C500A8AA6B /* Base */ = {isa = PBXFileReference; lastKnownFileType = file.storyboard; name = Base; path = Base.lproj/Main.storyboard; sourceTree = "<group>"; };
		61A76A6F21B492C700A8AA6B /* Assets.xcassets */ = {isa = PBXFileReference; lastKnownFileType = folder.assetcatalog; path = Assets.xcassets; sourceTree = "<group>"; };
		61A76A7221B492C700A8AA6B /* Base */ = {isa = PBXFileReference; lastKnownFileType = file.storyboard; name = Base; path = Base.lproj/LaunchScreen.storyboard; sourceTree = "<group>"; };
		61A76A7421B492C700A8AA6B /* Info.plist */ = {isa = PBXFileReference; lastKnownFileType = text.plist.xml; path = Info.plist; sourceTree = "<group>"; };
		61A76A7B21B4931C00A8AA6B /* EmojiArtViewController.swift */ = {isa = PBXFileReference; lastKnownFileType = sourcecode.swift; path = EmojiArtViewController.swift; sourceTree = "<group>"; };
		61A76A7D21B4937700A8AA6B /* EmojiArtView.swift */ = {isa = PBXFileReference; lastKnownFileType = sourcecode.swift; path = EmojiArtView.swift; sourceTree = "<group>"; };
		61A76A7F21B4981600A8AA6B /* Utilities.swift */ = {isa = PBXFileReference; fileEncoding = 4; lastKnownFileType = sourcecode.swift; path = Utilities.swift; sourceTree = "<group>"; };
		61A76A8121B4B24000A8AA6B /* EmojiArtDocumentTableViewController.swift */ = {isa = PBXFileReference; lastKnownFileType = sourcecode.swift; path = EmojiArtDocumentTableViewController.swift; sourceTree = "<group>"; };
		61A76A8321B4ED0100A8AA6B /* EmojiCollectionViewCell.swift */ = {isa = PBXFileReference; lastKnownFileType = sourcecode.swift; path = EmojiCollectionViewCell.swift; sourceTree = "<group>"; };
/* End PBXFileReference section */

/* Begin PBXFrameworksBuildPhase section */
		61A76A6221B492C500A8AA6B /* Frameworks */ = {
			isa = PBXFrameworksBuildPhase;
			buildActionMask = 2147483647;
			files = (
			);
			runOnlyForDeploymentPostprocessing = 0;
		};
/* End PBXFrameworksBuildPhase section */

/* Begin PBXGroup section */
		61A76A5C21B492C500A8AA6B = {
			isa = PBXGroup;
			children = (
				61A76A6721B492C500A8AA6B /* EmojiArt */,
				61A76A6621B492C500A8AA6B /* Products */,
			);
			sourceTree = "<group>";
		};
		61A76A6621B492C500A8AA6B /* Products */ = {
			isa = PBXGroup;
			children = (
				61A76A6521B492C500A8AA6B /* EmojiArt.app */,
			);
			name = Products;
			sourceTree = "<group>";
		};
		61A76A6721B492C500A8AA6B /* EmojiArt */ = {
			isa = PBXGroup;
			children = (
				61A76A7A21B492D500A8AA6B /* Supporting Files */,
				61A76A6C21B492C500A8AA6B /* Main.storyboard */,
				61A76A8321B4ED0100A8AA6B /* EmojiCollectionViewCell.swift */,
				61A76A8121B4B24000A8AA6B /* EmojiArtDocumentTableViewController.swift */,
				61A76A7D21B4937700A8AA6B /* EmojiArtView.swift */,
				61A76A7B21B4931C00A8AA6B /* EmojiArtViewController.swift */,
				61A76A7F21B4981600A8AA6B /* Utilities.swift */,
				61A76A7421B492C700A8AA6B /* Info.plist */,
			);
			path = EmojiArt;
			sourceTree = "<group>";
		};
		61A76A7A21B492D500A8AA6B /* Supporting Files */ = {
			isa = PBXGroup;
			children = (
				61A76A6821B492C500A8AA6B /* AppDelegate.swift */,
				61A76A6F21B492C700A8AA6B /* Assets.xcassets */,
				61A76A7121B492C700A8AA6B /* LaunchScreen.storyboard */,
			);
			path = "Supporting Files";
			sourceTree = "<group>";
		};
/* End PBXGroup section */

/* Begin PBXNativeTarget section */
		61A76A6421B492C500A8AA6B /* EmojiArt */ = {
			isa = PBXNativeTarget;
			buildConfigurationList = 61A76A7721B492C700A8AA6B /* Build configuration list for PBXNativeTarget "EmojiArt" */;
			buildPhases = (
				61A76A6121B492C500A8AA6B /* Sources */,
				61A76A6221B492C500A8AA6B /* Frameworks */,
				61A76A6321B492C500A8AA6B /* Resources */,
			);
			buildRules = (
			);
			dependencies = (
			);
			name = EmojiArt;
			productName = EmojiArt;
			productReference = 61A76A6521B492C500A8AA6B /* EmojiArt.app */;
			productType = "com.apple.product-type.application";
		};
/* End PBXNativeTarget section */

/* Begin PBXProject section */
		61A76A5D21B492C500A8AA6B /* Project object */ = {
			isa = PBXProject;
			attributes = {
				LastSwiftUpdateCheck = 1010;
				LastUpgradeCheck = 1010;
				ORGANIZATIONNAME = "Gustavo Ordaz";
				TargetAttributes = {
					61A76A6421B492C500A8AA6B = {
						CreatedOnToolsVersion = 10.1;
					};
				};
			};
			buildConfigurationList = 61A76A6021B492C500A8AA6B /* Build configuration list for PBXProject "EmojiArt" */;
			compatibilityVersion = "Xcode 9.3";
			developmentRegion = en;
			hasScannedForEncodings = 0;
			knownRegions = (
				en,
				Base,
			);
			mainGroup = 61A76A5C21B492C500A8AA6B;
			productRefGroup = 61A76A6621B492C500A8AA6B /* Products */;
			projectDirPath = "";
			projectRoot = "";
			targets = (
				61A76A6421B492C500A8AA6B /* EmojiArt */,
			);
		};
/* End PBXProject section */

/* Begin PBXResourcesBuildPhase section */
		61A76A6321B492C500A8AA6B /* Resources */ = {
			isa = PBXResourcesBuildPhase;
			buildActionMask = 2147483647;
			files = (
				61A76A7321B492C700A8AA6B /* LaunchScreen.storyboard in Resources */,
				61A76A7021B492C700A8AA6B /* Assets.xcassets in Resources */,
				61A76A6E21B492C500A8AA6B /* Main.storyboard in Resources */,
			);
			runOnlyForDeploymentPostprocessing = 0;
		};
/* End PBXResourcesBuildPhase section */

/* Begin PBXSourcesBuildPhase section */
		61A76A6121B492C500A8AA6B /* Sources */ = {
			isa = PBXSourcesBuildPhase;
			buildActionMask = 2147483647;
			files = (
				61A76A6921B492C500A8AA6B /* AppDelegate.swift in Sources */,
				61A76A8421B4ED0100A8AA6B /* EmojiCollectionViewCell.swift in Sources */,
				61A76A7C21B4931C00A8AA6B /* EmojiArtViewController.swift in Sources */,
				61A76A8021B4981600A8AA6B /* Utilities.swift in Sources */,
				61A76A8221B4B24000A8AA6B /* EmojiArtDocumentTableViewController.swift in Sources */,
				61A76A7E21B4937700A8AA6B /* EmojiArtView.swift in Sources */,
			);
			runOnlyForDeploymentPostprocessing = 0;
		};
/* End PBXSourcesBuildPhase section */

/* Begin PBXVariantGroup section */
		61A76A6C21B492C500A8AA6B /* Main.storyboard */ = {
			isa = PBXVariantGroup;
			children = (
				61A76A6D21B492C500A8AA6B /* Base */,
			);
			name = Main.storyboard;
			sourceTree = "<group>";
		};
		61A76A7121B492C700A8AA6B /* LaunchScreen.storyboard */ = {
			isa = PBXVariantGroup;
			children = (
				61A76A7221B492C700A8AA6B /* Base */,
			);
			name = LaunchScreen.storyboard;
			sourceTree = "<group>";
		};
/* End PBXVariantGroup section */

/* Begin XCBuildConfiguration section */
		61A76A7521B492C700A8AA6B /* Debug */ = {
			isa = XCBuildConfiguration;
			buildSettings = {
				ALWAYS_SEARCH_USER_PATHS = NO;
				CLANG_ANALYZER_NONNULL = YES;
				CLANG_ANALYZER_NUMBER_OBJECT_CONVERSION = YES_AGGRESSIVE;
				CLANG_CXX_LANGUAGE_STANDARD = "gnu++14";
				CLANG_CXX_LIBRARY = "libc++";
				CLANG_ENABLE_MODULES = YES;
				CLANG_ENABLE_OBJC_ARC = YES;
				CLANG_ENABLE_OBJC_WEAK = YES;
				CLANG_WARN_BLOCK_CAPTURE_AUTORELEASING = YES;
				CLANG_WARN_BOOL_CONVERSION = YES;
				CLANG_WARN_COMMA = YES;
				CLANG_WARN_CONSTANT_CONVERSION = YES;
				CLANG_WARN_DEPRECATED_OBJC_IMPLEMENTATIONS = YES;
				CLANG_WARN_DIRECT_OBJC_ISA_USAGE = YES_ERROR;
				CLANG_WARN_DOCUMENTATION_COMMENTS = YES;
				CLANG_WARN_EMPTY_BODY = YES;
				CLANG_WARN_ENUM_CONVERSION = YES;
				CLANG_WARN_INFINITE_RECURSION = YES;
				CLANG_WARN_INT_CONVERSION = YES;
				CLANG_WARN_NON_LITERAL_NULL_CONVERSION = YES;
				CLANG_WARN_OBJC_IMPLICIT_RETAIN_SELF = YES;
				CLANG_WARN_OBJC_LITERAL_CONVERSION = YES;
				CLANG_WARN_OBJC_ROOT_CLASS = YES_ERROR;
				CLANG_WARN_RANGE_LOOP_ANALYSIS = YES;
				CLANG_WARN_STRICT_PROTOTYPES = YES;
				CLANG_WARN_SUSPICIOUS_MOVE = YES;
				CLANG_WARN_UNGUARDED_AVAILABILITY = YES_AGGRESSIVE;
				CLANG_WARN_UNREACHABLE_CODE = YES;
				CLANG_WARN__DUPLICATE_METHOD_MATCH = YES;
				CODE_SIGN_IDENTITY = "iPhone Developer";
				COPY_PHASE_STRIP = NO;
				DEBUG_INFORMATION_FORMAT = dwarf;
				ENABLE_STRICT_OBJC_MSGSEND = YES;
				ENABLE_TESTABILITY = YES;
				GCC_C_LANGUAGE_STANDARD = gnu11;
				GCC_DYNAMIC_NO_PIC = NO;
				GCC_NO_COMMON_BLOCKS = YES;
				GCC_OPTIMIZATION_LEVEL = 0;
				GCC_PREPROCESSOR_DEFINITIONS = (
					"DEBUG=1",
					"$(inherited)",
				);
				GCC_WARN_64_TO_32_BIT_CONVERSION = YES;
				GCC_WARN_ABOUT_RETURN_TYPE = YES_ERROR;
				GCC_WARN_UNDECLARED_SELECTOR = YES;
				GCC_WARN_UNINITIALIZED_AUTOS = YES_AGGRESSIVE;
				GCC_WARN_UNUSED_FUNCTION = YES;
				GCC_WARN_UNUSED_VARIABLE = YES;
				IPHONEOS_DEPLOYMENT_TARGET = 12.1;
				MTL_ENABLE_DEBUG_INFO = INCLUDE_SOURCE;
				MTL_FAST_MATH = YES;
				ONLY_ACTIVE_ARCH = YES;
				SDKROOT = iphoneos;
				SWIFT_ACTIVE_COMPILATION_CONDITIONS = DEBUG;
				SWIFT_OPTIMIZATION_LEVEL = "-Onone";
			};
			name = Debug;
		};
		61A76A7621B492C700A8AA6B /* Release */ = {
			isa = XCBuildConfiguration;
			buildSettings = {
				ALWAYS_SEARCH_USER_PATHS = NO;
				CLANG_ANALYZER_NONNULL = YES;
				CLANG_ANALYZER_NUMBER_OBJECT_CONVERSION = YES_AGGRESSIVE;
				CLANG_CXX_LANGUAGE_STANDARD = "gnu++14";
				CLANG_CXX_LIBRARY = "libc++";
				CLANG_ENABLE_MODULES = YES;
				CLANG_ENABLE_OBJC_ARC = YES;
				CLANG_ENABLE_OBJC_WEAK = YES;
				CLANG_WARN_BLOCK_CAPTURE_AUTORELEASING = YES;
				CLANG_WARN_BOOL_CONVERSION = YES;
				CLANG_WARN_COMMA = YES;
				CLANG_WARN_CONSTANT_CONVERSION = YES;
				CLANG_WARN_DEPRECATED_OBJC_IMPLEMENTATIONS = YES;
				CLANG_WARN_DIRECT_OBJC_ISA_USAGE = YES_ERROR;
				CLANG_WARN_DOCUMENTATION_COMMENTS = YES;
				CLANG_WARN_EMPTY_BODY = YES;
				CLANG_WARN_ENUM_CONVERSION = YES;
				CLANG_WARN_INFINITE_RECURSION = YES;
				CLANG_WARN_INT_CONVERSION = YES;
				CLANG_WARN_NON_LITERAL_NULL_CONVERSION = YES;
				CLANG_WARN_OBJC_IMPLICIT_RETAIN_SELF = YES;
				CLANG_WARN_OBJC_LITERAL_CONVERSION = YES;
				CLANG_WARN_OBJC_ROOT_CLASS = YES_ERROR;
				CLANG_WARN_RANGE_LOOP_ANALYSIS = YES;
				CLANG_WARN_STRICT_PROTOTYPES = YES;
				CLANG_WARN_SUSPICIOUS_MOVE = YES;
				CLANG_WARN_UNGUARDED_AVAILABILITY = YES_AGGRESSIVE;
				CLANG_WARN_UNREACHABLE_CODE = YES;
				CLANG_WARN__DUPLICATE_METHOD_MATCH = YES;
				CODE_SIGN_IDENTITY = "iPhone Developer";
				COPY_PHASE_STRIP = NO;
				DEBUG_INFORMATION_FORMAT = "dwarf-with-dsym";
				ENABLE_NS_ASSERTIONS = NO;
				ENABLE_STRICT_OBJC_MSGSEND = YES;
				GCC_C_LANGUAGE_STANDARD = gnu11;
				GCC_NO_COMMON_BLOCKS = YES;
				GCC_WARN_64_TO_32_BIT_CONVERSION = YES;
				GCC_WARN_ABOUT_RETURN_TYPE = YES_ERROR;
				GCC_WARN_UNDECLARED_SELECTOR = YES;
				GCC_WARN_UNINITIALIZED_AUTOS = YES_AGGRESSIVE;
				GCC_WARN_UNUSED_FUNCTION = YES;
				GCC_WARN_UNUSED_VARIABLE = YES;
				IPHONEOS_DEPLOYMENT_TARGET = 12.1;
				MTL_ENABLE_DEBUG_INFO = NO;
				MTL_FAST_MATH = YES;
				SDKROOT = iphoneos;
				SWIFT_COMPILATION_MODE = wholemodule;
				SWIFT_OPTIMIZATION_LEVEL = "-O";
				VALIDATE_PRODUCT = YES;
			};
			name = Release;
		};
		61A76A7821B492C700A8AA6B /* Debug */ = {
			isa = XCBuildConfiguration;
			buildSettings = {
				ASSETCATALOG_COMPILER_APPICON_NAME = AppIcon;
				CODE_SIGN_STYLE = Automatic;
				DEVELOPMENT_TEAM = 585C384R84;
				INFOPLIST_FILE = EmojiArt/Info.plist;
				LD_RUNPATH_SEARCH_PATHS = (
					"$(inherited)",
					"@executable_path/Frameworks",
				);
				PRODUCT_BUNDLE_IDENTIFIER = com.ordazgustavo.EmojiArt;
				PRODUCT_NAME = "$(TARGET_NAME)";
				SWIFT_VERSION = 4.2;
				TARGETED_DEVICE_FAMILY = "1,2";
			};
			name = Debug;
		};
		61A76A7921B492C700A8AA6B /* Release */ = {
			isa = XCBuildConfiguration;
			buildSettings = {
				ASSETCATALOG_COMPILER_APPICON_NAME = AppIcon;
				CODE_SIGN_STYLE = Automatic;
				DEVELOPMENT_TEAM = 585C384R84;
				INFOPLIST_FILE = EmojiArt/Info.plist;
				LD_RUNPATH_SEARCH_PATHS = (
					"$(inherited)",
					"@executable_path/Frameworks",
				);
				PRODUCT_BUNDLE_IDENTIFIER = com.ordazgustavo.EmojiArt;
				PRODUCT_NAME = "$(TARGET_NAME)";
				SWIFT_VERSION = 4.2;
				TARGETED_DEVICE_FAMILY = "1,2";
			};
			name = Release;
		};
/* End XCBuildConfiguration section */

/* Begin XCConfigurationList section */
		61A76A6021B492C500A8AA6B /* Build configuration list for PBXProject "EmojiArt" */ = {
			isa = XCConfigurationList;
			buildConfigurations = (
				61A76A7521B492C700A8AA6B /* Debug */,
				61A76A7621B492C700A8AA6B /* Release */,
			);
			defaultConfigurationIsVisible = 0;
			defaultConfigurationName = Release;
		};
		61A76A7721B492C700A8AA6B /* Build configuration list for PBXNativeTarget "EmojiArt" */ = {
			isa = XCConfigurationList;
			buildConfigurations = (
				61A76A7821B492C700A8AA6B /* Debug */,
				61A76A7921B492C700A8AA6B /* Release */,
			);
			defaultConfigurationIsVisible = 0;
			defaultConfigurationName = Release;
		};
/* End XCConfigurationList section */
	};
	rootObject = 61A76A5D21B492C500A8AA6B /* Project object */;
}
